// !$*UTF8*$!
{
	archiveVersion = 1;
	classes = {
	};
	objectVersion = 56;
	objects = {

/* Begin PBXBuildFile section */
		9934DF7E2B41651100B89243 /* NetworkExtension.swift in Sources */ = {isa = PBXBuildFile; fileRef = 9934DF7D2B41651100B89243 /* NetworkExtension.swift */; };
		9934DF822B41847A00B89243 /* SplashView.swift in Sources */ = {isa = PBXBuildFile; fileRef = 9934DF812B41847A00B89243 /* SplashView.swift */; };
		9934DF852B4184B600B89243 /* AuthViewModel.swift in Sources */ = {isa = PBXBuildFile; fileRef = 9934DF842B4184B600B89243 /* AuthViewModel.swift */; };
		9934DF9F2B41CD3200B89243 /* HomeView.swift in Sources */ = {isa = PBXBuildFile; fileRef = 9934DF9E2B41CD3200B89243 /* HomeView.swift */; };
		9934DFA12B41CD3900B89243 /* CalendarView.swift in Sources */ = {isa = PBXBuildFile; fileRef = 9934DFA02B41CD3900B89243 /* CalendarView.swift */; };
		9934DFA32B41CD4A00B89243 /* SettingView.swift in Sources */ = {isa = PBXBuildFile; fileRef = 9934DFA22B41CD4A00B89243 /* SettingView.swift */; };
		9934DFA52B41D13E00B89243 /* CalendarViewModel.swift in Sources */ = {isa = PBXBuildFile; fileRef = 9934DFA42B41D13E00B89243 /* CalendarViewModel.swift */; };
		9934DFA72B41D27E00B89243 /* CalendarTopBarView.swift in Sources */ = {isa = PBXBuildFile; fileRef = 9934DFA62B41D27E00B89243 /* CalendarTopBarView.swift */; };
		9934DFA92B41D85D00B89243 /* CalendarCarouselView.swift in Sources */ = {isa = PBXBuildFile; fileRef = 9934DFA82B41D85D00B89243 /* CalendarCarouselView.swift */; };
		9934DFAB2B41E09000B89243 /* CalendarPageView.swift in Sources */ = {isa = PBXBuildFile; fileRef = 9934DFAA2B41E09000B89243 /* CalendarPageView.swift */; };
		9934DFAD2B41E14A00B89243 /* CalendarWeekdayView.swift in Sources */ = {isa = PBXBuildFile; fileRef = 9934DFAC2B41E14A00B89243 /* CalendarWeekdayView.swift */; };
		9934DFAF2B41E4B600B89243 /* CalendarMonthView.swift in Sources */ = {isa = PBXBuildFile; fileRef = 9934DFAE2B41E4B600B89243 /* CalendarMonthView.swift */; };
		9934DFB12B41E5AD00B89243 /* CalendarWeekView.swift in Sources */ = {isa = PBXBuildFile; fileRef = 9934DFB02B41E5AD00B89243 /* CalendarWeekView.swift */; };
		9934DFB32B41E60B00B89243 /* CalendarWeekBackgroundView.swift in Sources */ = {isa = PBXBuildFile; fileRef = 9934DFB22B41E60B00B89243 /* CalendarWeekBackgroundView.swift */; };
		9934DFB52B41E64600B89243 /* CalendarWeekEventView.swift in Sources */ = {isa = PBXBuildFile; fileRef = 9934DFB42B41E64600B89243 /* CalendarWeekEventView.swift */; };
		9934DFBA2B41E79300B89243 /* CalendarDayBackgroundView.swift in Sources */ = {isa = PBXBuildFile; fileRef = 9934DFB92B41E79300B89243 /* CalendarDayBackgroundView.swift */; };
		9934DFBF2B41E95200B89243 /* CalendarWeekEventIndicatorContainer.swift in Sources */ = {isa = PBXBuildFile; fileRef = 9934DFBE2B41E95200B89243 /* CalendarWeekEventIndicatorContainer.swift */; };
		9934DFC12B41EEF300B89243 /* CalendarDayIndicator.swift in Sources */ = {isa = PBXBuildFile; fileRef = 9934DFC02B41EEF300B89243 /* CalendarDayIndicator.swift */; };
		9934DFC32B41F01B00B89243 /* EventIndicator.swift in Sources */ = {isa = PBXBuildFile; fileRef = 9934DFC22B41F01B00B89243 /* EventIndicator.swift */; };
		99B282D32B424E3B000F2660 /* FixedClipped.swift in Sources */ = {isa = PBXBuildFile; fileRef = 99B282D22B424E3B000F2660 /* FixedClipped.swift */; };
		99B282D72B425175000F2660 /* ColoredDivider.swift in Sources */ = {isa = PBXBuildFile; fileRef = 99B282D62B425175000F2660 /* ColoredDivider.swift */; };
		99B282D92B427D55000F2660 /* TextSizePrefKey.swift in Sources */ = {isa = PBXBuildFile; fileRef = 99B282D82B427D55000F2660 /* TextSizePrefKey.swift */; };
		99B282DD2B42DF14000F2660 /* CalendarWeekGestureView.swift in Sources */ = {isa = PBXBuildFile; fileRef = 99B282DC2B42DF14000F2660 /* CalendarWeekGestureView.swift */; };
		99BD65E52B40E6500022EF37 /* iosApp.swift in Sources */ = {isa = PBXBuildFile; fileRef = 99BD65E42B40E6500022EF37 /* iosApp.swift */; };
		99BD65E72B40E6500022EF37 /* ContentView.swift in Sources */ = {isa = PBXBuildFile; fileRef = 99BD65E62B40E6500022EF37 /* ContentView.swift */; };
		99BD65E92B40E6510022EF37 /* Assets.xcassets in Resources */ = {isa = PBXBuildFile; fileRef = 99BD65E82B40E6510022EF37 /* Assets.xcassets */; };
		99BD65EC2B40E6510022EF37 /* Preview Assets.xcassets in Resources */ = {isa = PBXBuildFile; fileRef = 99BD65EB2B40E6510022EF37 /* Preview Assets.xcassets */; };
		99BD65F52B40E7540022EF37 /* Calendar.swift in Sources */ = {isa = PBXBuildFile; fileRef = 99BD65F42B40E7540022EF37 /* Calendar.swift */; };
		99BD65F82B40E7890022EF37 /* ColorExtension.swift in Sources */ = {isa = PBXBuildFile; fileRef = 99BD65F72B40E7890022EF37 /* ColorExtension.swift */; };
		99BD65FA2B40E8360022EF37 /* Event.swift in Sources */ = {isa = PBXBuildFile; fileRef = 99BD65F92B40E8360022EF37 /* Event.swift */; };
		99BD65FC2B40E97C0022EF37 /* DateExtension.swift in Sources */ = {isa = PBXBuildFile; fileRef = 99BD65FB2B40E97C0022EF37 /* DateExtension.swift */; };
		99BD65FE2B40E9F70022EF37 /* JsonExtension.swift in Sources */ = {isa = PBXBuildFile; fileRef = 99BD65FD2B40E9F70022EF37 /* JsonExtension.swift */; };
		99BD66012B40EA7B0022EF37 /* TestData.swift in Sources */ = {isa = PBXBuildFile; fileRef = 99BD66002B40EA7B0022EF37 /* TestData.swift */; };
		99F4C7E62B411BA30040D08A /* AuthRepository.swift in Sources */ = {isa = PBXBuildFile; fileRef = 99F4C7E52B411BA30040D08A /* AuthRepository.swift */; };
		99F4C7E82B411C1F0040D08A /* NetworkConstant.swift in Sources */ = {isa = PBXBuildFile; fileRef = 99F4C7E72B411C1F0040D08A /* NetworkConstant.swift */; };
		BBEC3199B0FAF35DE7869079 /* EventRepository.swift in Sources */ = {isa = PBXBuildFile; fileRef = BBEC3EBF4EB583F3C5484B5B /* EventRepository.swift */; };
		BBEC3F068CF9D8250E9F3175 /* CalendarRepository.swift in Sources */ = {isa = PBXBuildFile; fileRef = BBEC39FB53D443A32BD47D7E /* CalendarRepository.swift */; };
		DDBE1B8F988472518700C99B /* Pods_ios.framework in Frameworks */ = {isa = PBXBuildFile; fileRef = DA590427572CCE7BF7FBCB6F /* Pods_ios.framework */; };
/* End PBXBuildFile section */

/* Begin PBXFileReference section */
		51EB1B81C6AD399BCB1B0E37 /* Pods-ios.release.xcconfig */ = {isa = PBXFileReference; includeInIndex = 1; lastKnownFileType = text.xcconfig; name = "Pods-ios.release.xcconfig"; path = "Target Support Files/Pods-ios/Pods-ios.release.xcconfig"; sourceTree = "<group>"; };
		9934DF7D2B41651100B89243 /* NetworkExtension.swift */ = {isa = PBXFileReference; lastKnownFileType = sourcecode.swift; path = NetworkExtension.swift; sourceTree = "<group>"; };
		9934DF812B41847A00B89243 /* SplashView.swift */ = {isa = PBXFileReference; lastKnownFileType = sourcecode.swift; path = SplashView.swift; sourceTree = "<group>"; };
		9934DF842B4184B600B89243 /* AuthViewModel.swift */ = {isa = PBXFileReference; lastKnownFileType = sourcecode.swift; path = AuthViewModel.swift; sourceTree = "<group>"; };
		9934DF9E2B41CD3200B89243 /* HomeView.swift */ = {isa = PBXFileReference; lastKnownFileType = sourcecode.swift; path = HomeView.swift; sourceTree = "<group>"; };
		9934DFA02B41CD3900B89243 /* CalendarView.swift */ = {isa = PBXFileReference; lastKnownFileType = sourcecode.swift; path = CalendarView.swift; sourceTree = "<group>"; };
		9934DFA22B41CD4A00B89243 /* SettingView.swift */ = {isa = PBXFileReference; lastKnownFileType = sourcecode.swift; path = SettingView.swift; sourceTree = "<group>"; };
		9934DFA42B41D13E00B89243 /* CalendarViewModel.swift */ = {isa = PBXFileReference; lastKnownFileType = sourcecode.swift; path = CalendarViewModel.swift; sourceTree = "<group>"; };
		9934DFA62B41D27E00B89243 /* CalendarTopBarView.swift */ = {isa = PBXFileReference; lastKnownFileType = sourcecode.swift; path = CalendarTopBarView.swift; sourceTree = "<group>"; };
		9934DFA82B41D85D00B89243 /* CalendarCarouselView.swift */ = {isa = PBXFileReference; lastKnownFileType = sourcecode.swift; path = CalendarCarouselView.swift; sourceTree = "<group>"; };
		9934DFAA2B41E09000B89243 /* CalendarPageView.swift */ = {isa = PBXFileReference; lastKnownFileType = sourcecode.swift; path = CalendarPageView.swift; sourceTree = "<group>"; };
		9934DFAC2B41E14A00B89243 /* CalendarWeekdayView.swift */ = {isa = PBXFileReference; lastKnownFileType = sourcecode.swift; path = CalendarWeekdayView.swift; sourceTree = "<group>"; };
		9934DFAE2B41E4B600B89243 /* CalendarMonthView.swift */ = {isa = PBXFileReference; lastKnownFileType = sourcecode.swift; path = CalendarMonthView.swift; sourceTree = "<group>"; };
		9934DFB02B41E5AD00B89243 /* CalendarWeekView.swift */ = {isa = PBXFileReference; lastKnownFileType = sourcecode.swift; path = CalendarWeekView.swift; sourceTree = "<group>"; };
		9934DFB22B41E60B00B89243 /* CalendarWeekBackgroundView.swift */ = {isa = PBXFileReference; lastKnownFileType = sourcecode.swift; path = CalendarWeekBackgroundView.swift; sourceTree = "<group>"; };
		9934DFB42B41E64600B89243 /* CalendarWeekEventView.swift */ = {isa = PBXFileReference; lastKnownFileType = sourcecode.swift; path = CalendarWeekEventView.swift; sourceTree = "<group>"; };
		9934DFB92B41E79300B89243 /* CalendarDayBackgroundView.swift */ = {isa = PBXFileReference; lastKnownFileType = sourcecode.swift; path = CalendarDayBackgroundView.swift; sourceTree = "<group>"; };
		9934DFBE2B41E95200B89243 /* CalendarWeekEventIndicatorContainer.swift */ = {isa = PBXFileReference; lastKnownFileType = sourcecode.swift; path = CalendarWeekEventIndicatorContainer.swift; sourceTree = "<group>"; };
		9934DFC02B41EEF300B89243 /* CalendarDayIndicator.swift */ = {isa = PBXFileReference; lastKnownFileType = sourcecode.swift; path = CalendarDayIndicator.swift; sourceTree = "<group>"; };
		9934DFC22B41F01B00B89243 /* EventIndicator.swift */ = {isa = PBXFileReference; lastKnownFileType = sourcecode.swift; path = EventIndicator.swift; sourceTree = "<group>"; };
		99B282D22B424E3B000F2660 /* FixedClipped.swift */ = {isa = PBXFileReference; lastKnownFileType = sourcecode.swift; path = FixedClipped.swift; sourceTree = "<group>"; };
		99B282D62B425175000F2660 /* ColoredDivider.swift */ = {isa = PBXFileReference; lastKnownFileType = sourcecode.swift; path = ColoredDivider.swift; sourceTree = "<group>"; };
		99B282D82B427D55000F2660 /* TextSizePrefKey.swift */ = {isa = PBXFileReference; lastKnownFileType = sourcecode.swift; path = TextSizePrefKey.swift; sourceTree = "<group>"; };
		99B282DC2B42DF14000F2660 /* CalendarWeekGestureView.swift */ = {isa = PBXFileReference; lastKnownFileType = sourcecode.swift; path = CalendarWeekGestureView.swift; sourceTree = "<group>"; };
		99BD65E12B40E6500022EF37 /* ios.app */ = {isa = PBXFileReference; explicitFileType = wrapper.application; includeInIndex = 0; path = ios.app; sourceTree = BUILT_PRODUCTS_DIR; };
		99BD65E42B40E6500022EF37 /* iosApp.swift */ = {isa = PBXFileReference; lastKnownFileType = sourcecode.swift; path = iosApp.swift; sourceTree = "<group>"; };
		99BD65E62B40E6500022EF37 /* ContentView.swift */ = {isa = PBXFileReference; lastKnownFileType = sourcecode.swift; path = ContentView.swift; sourceTree = "<group>"; };
		99BD65E82B40E6510022EF37 /* Assets.xcassets */ = {isa = PBXFileReference; lastKnownFileType = folder.assetcatalog; path = Assets.xcassets; sourceTree = "<group>"; };
		99BD65EB2B40E6510022EF37 /* Preview Assets.xcassets */ = {isa = PBXFileReference; lastKnownFileType = folder.assetcatalog; path = "Preview Assets.xcassets"; sourceTree = "<group>"; };
		99BD65F42B40E7540022EF37 /* Calendar.swift */ = {isa = PBXFileReference; lastKnownFileType = sourcecode.swift; path = Calendar.swift; sourceTree = "<group>"; };
		99BD65F72B40E7890022EF37 /* ColorExtension.swift */ = {isa = PBXFileReference; lastKnownFileType = sourcecode.swift; path = ColorExtension.swift; sourceTree = "<group>"; };
		99BD65F92B40E8360022EF37 /* Event.swift */ = {isa = PBXFileReference; lastKnownFileType = sourcecode.swift; path = Event.swift; sourceTree = "<group>"; };
		99BD65FB2B40E97C0022EF37 /* DateExtension.swift */ = {isa = PBXFileReference; lastKnownFileType = sourcecode.swift; path = DateExtension.swift; sourceTree = "<group>"; };
		99BD65FD2B40E9F70022EF37 /* JsonExtension.swift */ = {isa = PBXFileReference; lastKnownFileType = sourcecode.swift; path = JsonExtension.swift; sourceTree = "<group>"; };
		99BD66002B40EA7B0022EF37 /* TestData.swift */ = {isa = PBXFileReference; lastKnownFileType = sourcecode.swift; path = TestData.swift; sourceTree = "<group>"; };
		99F4C7E52B411BA30040D08A /* AuthRepository.swift */ = {isa = PBXFileReference; lastKnownFileType = sourcecode.swift; path = AuthRepository.swift; sourceTree = "<group>"; };
		99F4C7E72B411C1F0040D08A /* NetworkConstant.swift */ = {isa = PBXFileReference; lastKnownFileType = sourcecode.swift; path = NetworkConstant.swift; sourceTree = "<group>"; };
		BBEC39FB53D443A32BD47D7E /* CalendarRepository.swift */ = {isa = PBXFileReference; fileEncoding = 4; lastKnownFileType = sourcecode.swift; path = CalendarRepository.swift; sourceTree = "<group>"; };
		BBEC3EBF4EB583F3C5484B5B /* EventRepository.swift */ = {isa = PBXFileReference; fileEncoding = 4; lastKnownFileType = sourcecode.swift; path = EventRepository.swift; sourceTree = "<group>"; };
		DA590427572CCE7BF7FBCB6F /* Pods_ios.framework */ = {isa = PBXFileReference; explicitFileType = wrapper.framework; includeInIndex = 0; path = Pods_ios.framework; sourceTree = BUILT_PRODUCTS_DIR; };
		DDF8B1223D4F5CC5E353A96B /* Pods-ios.debug.xcconfig */ = {isa = PBXFileReference; includeInIndex = 1; lastKnownFileType = text.xcconfig; name = "Pods-ios.debug.xcconfig"; path = "Target Support Files/Pods-ios/Pods-ios.debug.xcconfig"; sourceTree = "<group>"; };
/* End PBXFileReference section */

/* Begin PBXFrameworksBuildPhase section */
		99BD65DE2B40E6500022EF37 /* Frameworks */ = {
			isa = PBXFrameworksBuildPhase;
			buildActionMask = 2147483647;
			files = (
				DDBE1B8F988472518700C99B /* Pods_ios.framework in Frameworks */,
			);
			runOnlyForDeploymentPostprocessing = 0;
		};
/* End PBXFrameworksBuildPhase section */

/* Begin PBXGroup section */
		9934DF832B41849700B89243 /* viewmodel */ = {
			isa = PBXGroup;
			children = (
				9934DF842B4184B600B89243 /* AuthViewModel.swift */,
				9934DFA42B41D13E00B89243 /* CalendarViewModel.swift */,
			);
			path = viewmodel;
			sourceTree = "<group>";
		};
		9934DF9B2B41CD1C00B89243 /* home */ = {
			isa = PBXGroup;
			children = (
				9934DF9E2B41CD3200B89243 /* HomeView.swift */,
			);
			path = home;
			sourceTree = "<group>";
		};
		9934DF9C2B41CD2100B89243 /* calendar */ = {
			isa = PBXGroup;
			children = (
				9934DFA02B41CD3900B89243 /* CalendarView.swift */,
				99B282DE2B42E0DE000F2660 /* topbar */,
				9934DFB62B41E6C000B89243 /* carousel */,
			);
			path = calendar;
			sourceTree = "<group>";
		};
		9934DF9D2B41CD2500B89243 /* setting */ = {
			isa = PBXGroup;
			children = (
				9934DFA22B41CD4A00B89243 /* SettingView.swift */,
			);
			path = setting;
			sourceTree = "<group>";
		};
		9934DFB62B41E6C000B89243 /* carousel */ = {
			isa = PBXGroup;
			children = (
				9934DFA82B41D85D00B89243 /* CalendarCarouselView.swift */,
				9934DFAA2B41E09000B89243 /* CalendarPageView.swift */,
				9934DFAC2B41E14A00B89243 /* CalendarWeekdayView.swift */,
				9934DFAE2B41E4B600B89243 /* CalendarMonthView.swift */,
				9934DFB02B41E5AD00B89243 /* CalendarWeekView.swift */,
				99B282DF2B42E134000F2660 /* background */,
				99B282E02B42E13F000F2660 /* event */,
				99B282E12B42E148000F2660 /* gesture */,
			);
			path = carousel;
			sourceTree = "<group>";
		};
		99B282D42B425156000F2660 /* view */ = {
			isa = PBXGroup;
			children = (
				99B282D22B424E3B000F2660 /* FixedClipped.swift */,
				99B282D62B425175000F2660 /* ColoredDivider.swift */,
				99B282D82B427D55000F2660 /* TextSizePrefKey.swift */,
			);
			path = view;
			sourceTree = "<group>";
		};
		99B282D52B42515B000F2660 /* extension */ = {
			isa = PBXGroup;
			children = (
				99BD65F72B40E7890022EF37 /* ColorExtension.swift */,
				99BD65FB2B40E97C0022EF37 /* DateExtension.swift */,
				99BD65FD2B40E9F70022EF37 /* JsonExtension.swift */,
				9934DF7D2B41651100B89243 /* NetworkExtension.swift */,
			);
			path = extension;
			sourceTree = "<group>";
		};
		99B282DE2B42E0DE000F2660 /* topbar */ = {
			isa = PBXGroup;
			children = (
				9934DFA62B41D27E00B89243 /* CalendarTopBarView.swift */,
			);
			path = topbar;
			sourceTree = "<group>";
		};
		99B282DF2B42E134000F2660 /* background */ = {
			isa = PBXGroup;
			children = (
				9934DFB22B41E60B00B89243 /* CalendarWeekBackgroundView.swift */,
				9934DFB92B41E79300B89243 /* CalendarDayBackgroundView.swift */,
			);
			path = background;
			sourceTree = "<group>";
		};
		99B282E02B42E13F000F2660 /* event */ = {
			isa = PBXGroup;
			children = (
				9934DFB42B41E64600B89243 /* CalendarWeekEventView.swift */,
				9934DFC02B41EEF300B89243 /* CalendarDayIndicator.swift */,
				9934DFBE2B41E95200B89243 /* CalendarWeekEventIndicatorContainer.swift */,
				9934DFC22B41F01B00B89243 /* EventIndicator.swift */,
			);
			path = event;
			sourceTree = "<group>";
		};
		99B282E12B42E148000F2660 /* gesture */ = {
			isa = PBXGroup;
			children = (
				99B282DC2B42DF14000F2660 /* CalendarWeekGestureView.swift */,
			);
			path = gesture;
			sourceTree = "<group>";
		};
		99BD65D82B40E6500022EF37 = {
			isa = PBXGroup;
			children = (
				99BD65E32B40E6500022EF37 /* ios */,
				99BD65E22B40E6500022EF37 /* Products */,
				ED9D6B0C221FB3CFD6C860CC /* Pods */,
				E84042DDEC4428566F8BB844 /* Frameworks */,
			);
			sourceTree = "<group>";
		};
		99BD65E22B40E6500022EF37 /* Products */ = {
			isa = PBXGroup;
			children = (
				99BD65E12B40E6500022EF37 /* ios.app */,
			);
			name = Products;
			sourceTree = "<group>";
		};
		99BD65E32B40E6500022EF37 /* ios */ = {
			isa = PBXGroup;
			children = (
				99BD65FF2B40EA6F0022EF37 /* data */,
				99BD65F62B40E77D0022EF37 /* util */,
				99F4C7E42B411B8E0040D08A /* repository */,
				99BD65F32B40E7490022EF37 /* domain */,
				9934DF832B41849700B89243 /* viewmodel */,
				99BD65F22B40E7430022EF37 /* view */,
				99BD65E42B40E6500022EF37 /* iosApp.swift */,
				99BD65E82B40E6510022EF37 /* Assets.xcassets */,
				99BD65EA2B40E6510022EF37 /* Preview Content */,
			);
			path = ios;
			sourceTree = "<group>";
		};
		99BD65EA2B40E6510022EF37 /* Preview Content */ = {
			isa = PBXGroup;
			children = (
				99BD65EB2B40E6510022EF37 /* Preview Assets.xcassets */,
			);
			path = "Preview Content";
			sourceTree = "<group>";
		};
		99BD65F22B40E7430022EF37 /* view */ = {
			isa = PBXGroup;
			children = (
				9934DF9B2B41CD1C00B89243 /* home */,
				9934DF9C2B41CD2100B89243 /* calendar */,
				9934DF9D2B41CD2500B89243 /* setting */,
				99BD65E62B40E6500022EF37 /* ContentView.swift */,
				9934DF812B41847A00B89243 /* SplashView.swift */,
			);
			path = view;
			sourceTree = "<group>";
		};
		99BD65F32B40E7490022EF37 /* domain */ = {
			isa = PBXGroup;
			children = (
				99BD65F42B40E7540022EF37 /* Calendar.swift */,
				99BD65F92B40E8360022EF37 /* Event.swift */,
			);
			path = domain;
			sourceTree = "<group>";
		};
		99BD65F62B40E77D0022EF37 /* util */ = {
			isa = PBXGroup;
			children = (
				99B282D52B42515B000F2660 /* extension */,
				99B282D42B425156000F2660 /* view */,
			);
			path = util;
			sourceTree = "<group>";
		};
		99BD65FF2B40EA6F0022EF37 /* data */ = {
			isa = PBXGroup;
			children = (
				99BD66002B40EA7B0022EF37 /* TestData.swift */,
				99F4C7E72B411C1F0040D08A /* NetworkConstant.swift */,
			);
			path = data;
			sourceTree = "<group>";
		};
		99F4C7E42B411B8E0040D08A /* repository */ = {
			isa = PBXGroup;
			children = (
				99F4C7E52B411BA30040D08A /* AuthRepository.swift */,
				BBEC39FB53D443A32BD47D7E /* CalendarRepository.swift */,
				BBEC3EBF4EB583F3C5484B5B /* EventRepository.swift */,
			);
			path = repository;
			sourceTree = "<group>";
		};
		E84042DDEC4428566F8BB844 /* Frameworks */ = {
			isa = PBXGroup;
			children = (
				DA590427572CCE7BF7FBCB6F /* Pods_ios.framework */,
			);
			name = Frameworks;
			sourceTree = "<group>";
		};
		ED9D6B0C221FB3CFD6C860CC /* Pods */ = {
			isa = PBXGroup;
			children = (
				DDF8B1223D4F5CC5E353A96B /* Pods-ios.debug.xcconfig */,
				51EB1B81C6AD399BCB1B0E37 /* Pods-ios.release.xcconfig */,
			);
			path = Pods;
			sourceTree = "<group>";
		};
/* End PBXGroup section */

/* Begin PBXNativeTarget section */
		99BD65E02B40E6500022EF37 /* ios */ = {
			isa = PBXNativeTarget;
			buildConfigurationList = 99BD65EF2B40E6510022EF37 /* Build configuration list for PBXNativeTarget "ios" */;
			buildPhases = (
				A9AC410054A0FDF005F9A1F4 /* [CP] Check Pods Manifest.lock */,
				99BD65DD2B40E6500022EF37 /* Sources */,
				99BD65DE2B40E6500022EF37 /* Frameworks */,
				99BD65DF2B40E6500022EF37 /* Resources */,
				7554580F81E6FEB31A873DF7 /* [CP] Embed Pods Frameworks */,
			);
			buildRules = (
			);
			dependencies = (
			);
			name = ios;
			packageProductDependencies = (
			);
			productName = ios;
			productReference = 99BD65E12B40E6500022EF37 /* ios.app */;
			productType = "com.apple.product-type.application";
		};
/* End PBXNativeTarget section */

/* Begin PBXProject section */
		99BD65D92B40E6500022EF37 /* Project object */ = {
			isa = PBXProject;
			attributes = {
				BuildIndependentTargetsInParallel = 1;
				LastSwiftUpdateCheck = 1510;
				LastUpgradeCheck = 1510;
				TargetAttributes = {
					99BD65E02B40E6500022EF37 = {
						CreatedOnToolsVersion = 15.1;
					};
				};
			};
			buildConfigurationList = 99BD65DC2B40E6500022EF37 /* Build configuration list for PBXProject "ios" */;
			compatibilityVersion = "Xcode 14.0";
			developmentRegion = en;
			hasScannedForEncodings = 0;
			knownRegions = (
				en,
				Base,
			);
			mainGroup = 99BD65D82B40E6500022EF37;
			packageReferences = (
			);
			productRefGroup = 99BD65E22B40E6500022EF37 /* Products */;
			projectDirPath = "";
			projectRoot = "";
			targets = (
				99BD65E02B40E6500022EF37 /* ios */,
			);
		};
/* End PBXProject section */

/* Begin PBXResourcesBuildPhase section */
		99BD65DF2B40E6500022EF37 /* Resources */ = {
			isa = PBXResourcesBuildPhase;
			buildActionMask = 2147483647;
			files = (
				99BD65EC2B40E6510022EF37 /* Preview Assets.xcassets in Resources */,
				99BD65E92B40E6510022EF37 /* Assets.xcassets in Resources */,
			);
			runOnlyForDeploymentPostprocessing = 0;
		};
/* End PBXResourcesBuildPhase section */

/* Begin PBXShellScriptBuildPhase section */
		7554580F81E6FEB31A873DF7 /* [CP] Embed Pods Frameworks */ = {
			isa = PBXShellScriptBuildPhase;
			buildActionMask = 2147483647;
			files = (
			);
			inputFileListPaths = (
				"${PODS_ROOT}/Target Support Files/Pods-ios/Pods-ios-frameworks-${CONFIGURATION}-input-files.xcfilelist",
			);
			name = "[CP] Embed Pods Frameworks";
			outputFileListPaths = (
				"${PODS_ROOT}/Target Support Files/Pods-ios/Pods-ios-frameworks-${CONFIGURATION}-output-files.xcfilelist",
			);
			runOnlyForDeploymentPostprocessing = 0;
			shellPath = /bin/sh;
			shellScript = "\"${PODS_ROOT}/Target Support Files/Pods-ios/Pods-ios-frameworks.sh\"\n";
			showEnvVarsInLog = 0;
		};
		A9AC410054A0FDF005F9A1F4 /* [CP] Check Pods Manifest.lock */ = {
			isa = PBXShellScriptBuildPhase;
			buildActionMask = 2147483647;
			files = (
			);
			inputFileListPaths = (
			);
			inputPaths = (
				"${PODS_PODFILE_DIR_PATH}/Podfile.lock",
				"${PODS_ROOT}/Manifest.lock",
			);
			name = "[CP] Check Pods Manifest.lock";
			outputFileListPaths = (
			);
			outputPaths = (
				"$(DERIVED_FILE_DIR)/Pods-ios-checkManifestLockResult.txt",
			);
			runOnlyForDeploymentPostprocessing = 0;
			shellPath = /bin/sh;
			shellScript = "diff \"${PODS_PODFILE_DIR_PATH}/Podfile.lock\" \"${PODS_ROOT}/Manifest.lock\" > /dev/null\nif [ $? != 0 ] ; then\n    # print error to STDERR\n    echo \"error: The sandbox is not in sync with the Podfile.lock. Run 'pod install' or update your CocoaPods installation.\" >&2\n    exit 1\nfi\n# This output is used by Xcode 'outputs' to avoid re-running this script phase.\necho \"SUCCESS\" > \"${SCRIPT_OUTPUT_FILE_0}\"\n";
			showEnvVarsInLog = 0;
		};
/* End PBXShellScriptBuildPhase section */

/* Begin PBXSourcesBuildPhase section */
		99BD65DD2B40E6500022EF37 /* Sources */ = {
			isa = PBXSourcesBuildPhase;
			buildActionMask = 2147483647;
			files = (
				9934DFBF2B41E95200B89243 /* CalendarWeekEventIndicatorContainer.swift in Sources */,
				9934DFB12B41E5AD00B89243 /* CalendarWeekView.swift in Sources */,
				9934DFA92B41D85D00B89243 /* CalendarCarouselView.swift in Sources */,
				9934DFB32B41E60B00B89243 /* CalendarWeekBackgroundView.swift in Sources */,
				9934DF7E2B41651100B89243 /* NetworkExtension.swift in Sources */,
				9934DFC32B41F01B00B89243 /* EventIndicator.swift in Sources */,
				99BD65E72B40E6500022EF37 /* ContentView.swift in Sources */,
				99BD65FE2B40E9F70022EF37 /* JsonExtension.swift in Sources */,
				9934DFAD2B41E14A00B89243 /* CalendarWeekdayView.swift in Sources */,
				9934DFC12B41EEF300B89243 /* CalendarDayIndicator.swift in Sources */,
				9934DFBA2B41E79300B89243 /* CalendarDayBackgroundView.swift in Sources */,
				9934DFA32B41CD4A00B89243 /* SettingView.swift in Sources */,
				9934DFB52B41E64600B89243 /* CalendarWeekEventView.swift in Sources */,
				9934DFA72B41D27E00B89243 /* CalendarTopBarView.swift in Sources */,
				9934DFA12B41CD3900B89243 /* CalendarView.swift in Sources */,
				99BD65FC2B40E97C0022EF37 /* DateExtension.swift in Sources */,
				99BD66012B40EA7B0022EF37 /* TestData.swift in Sources */,
				99B282D72B425175000F2660 /* ColoredDivider.swift in Sources */,
				9934DF852B4184B600B89243 /* AuthViewModel.swift in Sources */,
				99BD65F52B40E7540022EF37 /* Calendar.swift in Sources */,
				99BD65E52B40E6500022EF37 /* iosApp.swift in Sources */,
				99F4C7E62B411BA30040D08A /* AuthRepository.swift in Sources */,
				99F4C7E82B411C1F0040D08A /* NetworkConstant.swift in Sources */,
				99BD65F82B40E7890022EF37 /* ColorExtension.swift in Sources */,
				99B282DD2B42DF14000F2660 /* CalendarWeekGestureView.swift in Sources */,
				9934DFA52B41D13E00B89243 /* CalendarViewModel.swift in Sources */,
				9934DFAB2B41E09000B89243 /* CalendarPageView.swift in Sources */,
				99B282D92B427D55000F2660 /* TextSizePrefKey.swift in Sources */,
				99BD65FA2B40E8360022EF37 /* Event.swift in Sources */,
				BBEC3F068CF9D8250E9F3175 /* CalendarRepository.swift in Sources */,
				9934DF9F2B41CD3200B89243 /* HomeView.swift in Sources */,
				9934DFAF2B41E4B600B89243 /* CalendarMonthView.swift in Sources */,
				BBEC3199B0FAF35DE7869079 /* EventRepository.swift in Sources */,
				99B282D32B424E3B000F2660 /* FixedClipped.swift in Sources */,
				9934DF822B41847A00B89243 /* SplashView.swift in Sources */,
			);
			runOnlyForDeploymentPostprocessing = 0;
		};
/* End PBXSourcesBuildPhase section */

/* Begin XCBuildConfiguration section */
		99BD65ED2B40E6510022EF37 /* Debug */ = {
			isa = XCBuildConfiguration;
			buildSettings = {
				ALWAYS_SEARCH_USER_PATHS = NO;
				ASSETCATALOG_COMPILER_GENERATE_SWIFT_ASSET_SYMBOL_EXTENSIONS = YES;
				CLANG_ANALYZER_NONNULL = YES;
				CLANG_ANALYZER_NUMBER_OBJECT_CONVERSION = YES_AGGRESSIVE;
				CLANG_CXX_LANGUAGE_STANDARD = "gnu++20";
				CLANG_ENABLE_MODULES = YES;
				CLANG_ENABLE_OBJC_ARC = YES;
				CLANG_ENABLE_OBJC_WEAK = YES;
				CLANG_WARN_BLOCK_CAPTURE_AUTORELEASING = YES;
				CLANG_WARN_BOOL_CONVERSION = YES;
				CLANG_WARN_COMMA = YES;
				CLANG_WARN_CONSTANT_CONVERSION = YES;
				CLANG_WARN_DEPRECATED_OBJC_IMPLEMENTATIONS = YES;
				CLANG_WARN_DIRECT_OBJC_ISA_USAGE = YES_ERROR;
				CLANG_WARN_DOCUMENTATION_COMMENTS = YES;
				CLANG_WARN_EMPTY_BODY = YES;
				CLANG_WARN_ENUM_CONVERSION = YES;
				CLANG_WARN_INFINITE_RECURSION = YES;
				CLANG_WARN_INT_CONVERSION = YES;
				CLANG_WARN_NON_LITERAL_NULL_CONVERSION = YES;
				CLANG_WARN_OBJC_IMPLICIT_RETAIN_SELF = YES;
				CLANG_WARN_OBJC_LITERAL_CONVERSION = YES;
				CLANG_WARN_OBJC_ROOT_CLASS = YES_ERROR;
				CLANG_WARN_QUOTED_INCLUDE_IN_FRAMEWORK_HEADER = YES;
				CLANG_WARN_RANGE_LOOP_ANALYSIS = YES;
				CLANG_WARN_STRICT_PROTOTYPES = YES;
				CLANG_WARN_SUSPICIOUS_MOVE = YES;
				CLANG_WARN_UNGUARDED_AVAILABILITY = YES_AGGRESSIVE;
				CLANG_WARN_UNREACHABLE_CODE = YES;
				CLANG_WARN__DUPLICATE_METHOD_MATCH = YES;
				COPY_PHASE_STRIP = NO;
				DEBUG_INFORMATION_FORMAT = dwarf;
				ENABLE_STRICT_OBJC_MSGSEND = YES;
				ENABLE_TESTABILITY = YES;
				ENABLE_USER_SCRIPT_SANDBOXING = NO;
				GCC_C_LANGUAGE_STANDARD = gnu17;
				GCC_DYNAMIC_NO_PIC = NO;
				GCC_NO_COMMON_BLOCKS = YES;
				GCC_OPTIMIZATION_LEVEL = 0;
				GCC_PREPROCESSOR_DEFINITIONS = (
					"DEBUG=1",
					"$(inherited)",
				);
				GCC_WARN_64_TO_32_BIT_CONVERSION = YES;
				GCC_WARN_ABOUT_RETURN_TYPE = YES_ERROR;
				GCC_WARN_UNDECLARED_SELECTOR = YES;
				GCC_WARN_UNINITIALIZED_AUTOS = YES_AGGRESSIVE;
				GCC_WARN_UNUSED_FUNCTION = YES;
				GCC_WARN_UNUSED_VARIABLE = YES;
				IPHONEOS_DEPLOYMENT_TARGET = 17.2;
				LOCALIZATION_PREFERS_STRING_CATALOGS = YES;
				MTL_ENABLE_DEBUG_INFO = INCLUDE_SOURCE;
				MTL_FAST_MATH = YES;
				ONLY_ACTIVE_ARCH = YES;
				SDKROOT = iphoneos;
				SWIFT_ACTIVE_COMPILATION_CONDITIONS = "DEBUG $(inherited)";
				SWIFT_OPTIMIZATION_LEVEL = "-Onone";
			};
			name = Debug;
		};
		99BD65EE2B40E6510022EF37 /* Release */ = {
			isa = XCBuildConfiguration;
			buildSettings = {
				ALWAYS_SEARCH_USER_PATHS = NO;
				ASSETCATALOG_COMPILER_GENERATE_SWIFT_ASSET_SYMBOL_EXTENSIONS = YES;
				CLANG_ANALYZER_NONNULL = YES;
				CLANG_ANALYZER_NUMBER_OBJECT_CONVERSION = YES_AGGRESSIVE;
				CLANG_CXX_LANGUAGE_STANDARD = "gnu++20";
				CLANG_ENABLE_MODULES = YES;
				CLANG_ENABLE_OBJC_ARC = YES;
				CLANG_ENABLE_OBJC_WEAK = YES;
				CLANG_WARN_BLOCK_CAPTURE_AUTORELEASING = YES;
				CLANG_WARN_BOOL_CONVERSION = YES;
				CLANG_WARN_COMMA = YES;
				CLANG_WARN_CONSTANT_CONVERSION = YES;
				CLANG_WARN_DEPRECATED_OBJC_IMPLEMENTATIONS = YES;
				CLANG_WARN_DIRECT_OBJC_ISA_USAGE = YES_ERROR;
				CLANG_WARN_DOCUMENTATION_COMMENTS = YES;
				CLANG_WARN_EMPTY_BODY = YES;
				CLANG_WARN_ENUM_CONVERSION = YES;
				CLANG_WARN_INFINITE_RECURSION = YES;
				CLANG_WARN_INT_CONVERSION = YES;
				CLANG_WARN_NON_LITERAL_NULL_CONVERSION = YES;
				CLANG_WARN_OBJC_IMPLICIT_RETAIN_SELF = YES;
				CLANG_WARN_OBJC_LITERAL_CONVERSION = YES;
				CLANG_WARN_OBJC_ROOT_CLASS = YES_ERROR;
				CLANG_WARN_QUOTED_INCLUDE_IN_FRAMEWORK_HEADER = YES;
				CLANG_WARN_RANGE_LOOP_ANALYSIS = YES;
				CLANG_WARN_STRICT_PROTOTYPES = YES;
				CLANG_WARN_SUSPICIOUS_MOVE = YES;
				CLANG_WARN_UNGUARDED_AVAILABILITY = YES_AGGRESSIVE;
				CLANG_WARN_UNREACHABLE_CODE = YES;
				CLANG_WARN__DUPLICATE_METHOD_MATCH = YES;
				COPY_PHASE_STRIP = NO;
				DEBUG_INFORMATION_FORMAT = "dwarf-with-dsym";
				ENABLE_NS_ASSERTIONS = NO;
				ENABLE_STRICT_OBJC_MSGSEND = YES;
				ENABLE_USER_SCRIPT_SANDBOXING = NO;
				GCC_C_LANGUAGE_STANDARD = gnu17;
				GCC_NO_COMMON_BLOCKS = YES;
				GCC_WARN_64_TO_32_BIT_CONVERSION = YES;
				GCC_WARN_ABOUT_RETURN_TYPE = YES_ERROR;
				GCC_WARN_UNDECLARED_SELECTOR = YES;
				GCC_WARN_UNINITIALIZED_AUTOS = YES_AGGRESSIVE;
				GCC_WARN_UNUSED_FUNCTION = YES;
				GCC_WARN_UNUSED_VARIABLE = YES;
				IPHONEOS_DEPLOYMENT_TARGET = 17.2;
				LOCALIZATION_PREFERS_STRING_CATALOGS = YES;
				MTL_ENABLE_DEBUG_INFO = NO;
				MTL_FAST_MATH = YES;
				SDKROOT = iphoneos;
				SWIFT_COMPILATION_MODE = wholemodule;
				VALIDATE_PRODUCT = YES;
			};
			name = Release;
		};
		99BD65F02B40E6510022EF37 /* Debug */ = {
			isa = XCBuildConfiguration;
			baseConfigurationReference = DDF8B1223D4F5CC5E353A96B /* Pods-ios.debug.xcconfig */;
			buildSettings = {
				ASSETCATALOG_COMPILER_APPICON_NAME = AppIcon;
				ASSETCATALOG_COMPILER_GLOBAL_ACCENT_COLOR_NAME = AccentColor;
				CODE_SIGN_STYLE = Automatic;
				CURRENT_PROJECT_VERSION = 1;
				DEVELOPMENT_ASSET_PATHS = "\"ios/Preview Content\"";
				DEVELOPMENT_TEAM = ZRTG6WMRW7;
				ENABLE_PREVIEWS = YES;
				GENERATE_INFOPLIST_FILE = YES;
				INFOPLIST_KEY_CFBundleDisplayName = Planery;
				INFOPLIST_KEY_UIApplicationSceneManifest_Generation = YES;
				INFOPLIST_KEY_UIApplicationSupportsIndirectInputEvents = YES;
				INFOPLIST_KEY_UILaunchScreen_Generation = YES;
				INFOPLIST_KEY_UISupportedInterfaceOrientations_iPad = "UIInterfaceOrientationPortrait UIInterfaceOrientationPortraitUpsideDown UIInterfaceOrientationLandscapeLeft UIInterfaceOrientationLandscapeRight";
				INFOPLIST_KEY_UISupportedInterfaceOrientations_iPhone = "UIInterfaceOrientationPortrait UIInterfaceOrientationLandscapeLeft UIInterfaceOrientationLandscapeRight";
				LD_RUNPATH_SEARCH_PATHS = (
					"$(inherited)",
					"@executable_path/Frameworks",
				);
				MARKETING_VERSION = 1.0;
				PRODUCT_BUNDLE_IDENTIFIER = com.planery.ios;
				PRODUCT_NAME = "$(TARGET_NAME)";
				SWIFT_EMIT_LOC_STRINGS = YES;
				SWIFT_VERSION = 5.0;
				TARGETED_DEVICE_FAMILY = "1,2";
			};
			name = Debug;
		};
		99BD65F12B40E6510022EF37 /* Release */ = {
			isa = XCBuildConfiguration;
			baseConfigurationReference = 51EB1B81C6AD399BCB1B0E37 /* Pods-ios.release.xcconfig */;
			buildSettings = {
				ASSETCATALOG_COMPILER_APPICON_NAME = AppIcon;
				ASSETCATALOG_COMPILER_GLOBAL_ACCENT_COLOR_NAME = AccentColor;
				CODE_SIGN_STYLE = Automatic;
				CURRENT_PROJECT_VERSION = 1;
				DEVELOPMENT_ASSET_PATHS = "\"ios/Preview Content\"";
				DEVELOPMENT_TEAM = ZRTG6WMRW7;
				ENABLE_PREVIEWS = YES;
				GENERATE_INFOPLIST_FILE = YES;
				INFOPLIST_KEY_CFBundleDisplayName = Planery;
				INFOPLIST_KEY_UIApplicationSceneManifest_Generation = YES;
				INFOPLIST_KEY_UIApplicationSupportsIndirectInputEvents = YES;
				INFOPLIST_KEY_UILaunchScreen_Generation = YES;
				INFOPLIST_KEY_UISupportedInterfaceOrientations_iPad = "UIInterfaceOrientationPortrait UIInterfaceOrientationPortraitUpsideDown UIInterfaceOrientationLandscapeLeft UIInterfaceOrientationLandscapeRight";
				INFOPLIST_KEY_UISupportedInterfaceOrientations_iPhone = "UIInterfaceOrientationPortrait UIInterfaceOrientationLandscapeLeft UIInterfaceOrientationLandscapeRight";
				LD_RUNPATH_SEARCH_PATHS = (
					"$(inherited)",
					"@executable_path/Frameworks",
				);
				MARKETING_VERSION = 1.0;
				PRODUCT_BUNDLE_IDENTIFIER = com.planery.ios;
				PRODUCT_NAME = "$(TARGET_NAME)";
				SWIFT_EMIT_LOC_STRINGS = YES;
				SWIFT_VERSION = 5.0;
				TARGETED_DEVICE_FAMILY = "1,2";
			};
			name = Release;
		};
/* End XCBuildConfiguration section */

/* Begin XCConfigurationList section */
		99BD65DC2B40E6500022EF37 /* Build configuration list for PBXProject "ios" */ = {
			isa = XCConfigurationList;
			buildConfigurations = (
				99BD65ED2B40E6510022EF37 /* Debug */,
				99BD65EE2B40E6510022EF37 /* Release */,
			);
			defaultConfigurationIsVisible = 0;
			defaultConfigurationName = Release;
		};
		99BD65EF2B40E6510022EF37 /* Build configuration list for PBXNativeTarget "ios" */ = {
			isa = XCConfigurationList;
			buildConfigurations = (
				99BD65F02B40E6510022EF37 /* Debug */,
				99BD65F12B40E6510022EF37 /* Release */,
			);
			defaultConfigurationIsVisible = 0;
			defaultConfigurationName = Release;
		};
/* End XCConfigurationList section */
	};
	rootObject = 99BD65D92B40E6500022EF37 /* Project object */;
}
